// !$*UTF8*$!
{
	archiveVersion = 1;
	classes = {
	};
	objectVersion = 55;
	objects = {

/* Begin PBXBuildFile section */
		5A2DB95243613886D431E125 /* Pods_network_layer.framework in Frameworks */ = {isa = PBXBuildFile; fileRef = F5D3BB82722AD0743EBE962F /* Pods_network_layer.framework */; };
		6D29DB1129D7120B006AAC52 /* AppDelegate.swift in Sources */ = {isa = PBXBuildFile; fileRef = 6D29DB1029D7120B006AAC52 /* AppDelegate.swift */; };
		6D29DB1329D7120B006AAC52 /* SceneDelegate.swift in Sources */ = {isa = PBXBuildFile; fileRef = 6D29DB1229D7120B006AAC52 /* SceneDelegate.swift */; };
		6D29DB1529D7120B006AAC52 /* ViewController.swift in Sources */ = {isa = PBXBuildFile; fileRef = 6D29DB1429D7120B006AAC52 /* ViewController.swift */; };
		6D29DB1829D7120B006AAC52 /* Main.storyboard in Resources */ = {isa = PBXBuildFile; fileRef = 6D29DB1629D7120B006AAC52 /* Main.storyboard */; };
		6D29DB1A29D7120E006AAC52 /* Assets.xcassets in Resources */ = {isa = PBXBuildFile; fileRef = 6D29DB1929D7120E006AAC52 /* Assets.xcassets */; };
		6D29DB1D29D7120E006AAC52 /* LaunchScreen.storyboard in Resources */ = {isa = PBXBuildFile; fileRef = 6D29DB1B29D7120E006AAC52 /* LaunchScreen.storyboard */; };
		6D29DB2629D71502006AAC52 /* NetworkClient.swift in Sources */ = {isa = PBXBuildFile; fileRef = 6D29DB2529D71502006AAC52 /* NetworkClient.swift */; };
		6D29DB2829D73F5F006AAC52 /* URLSessionApiClient.swift in Sources */ = {isa = PBXBuildFile; fileRef = 6D29DB2729D73F5F006AAC52 /* URLSessionApiClient.swift */; };
		6D29DB2B29D8455D006AAC52 /* AppError.swift in Sources */ = {isa = PBXBuildFile; fileRef = 6D29DB2A29D8455D006AAC52 /* AppError.swift */; };
		6D29DB2D29D856A3006AAC52 /* APIRequest.swift in Sources */ = {isa = PBXBuildFile; fileRef = 6D29DB2C29D856A3006AAC52 /* APIRequest.swift */; };
		6D29DB3029D86DB3006AAC52 /* UserModel.swift in Sources */ = {isa = PBXBuildFile; fileRef = 6D29DB2F29D86DB3006AAC52 /* UserModel.swift */; };
		6D29DB3229D86DC2006AAC52 /* PostModel.swift in Sources */ = {isa = PBXBuildFile; fileRef = 6D29DB3129D86DC2006AAC52 /* PostModel.swift */; };
		6D29DB3429D8700B006AAC52 /* AlamofireApiClient.swift in Sources */ = {isa = PBXBuildFile; fileRef = 6D29DB3329D8700B006AAC52 /* AlamofireApiClient.swift */; };
/* End PBXBuildFile section */

/* Begin PBXFileReference section */
		13DCCB9EA2DE6C76B0997C9F /* Pods-network-layer.debug.xcconfig */ = {isa = PBXFileReference; includeInIndex = 1; lastKnownFileType = text.xcconfig; name = "Pods-network-layer.debug.xcconfig"; path = "Target Support Files/Pods-network-layer/Pods-network-layer.debug.xcconfig"; sourceTree = "<group>"; };
		670B0C487EB4B0CCCDDA629D /* Pods-network-layer.release.xcconfig */ = {isa = PBXFileReference; includeInIndex = 1; lastKnownFileType = text.xcconfig; name = "Pods-network-layer.release.xcconfig"; path = "Target Support Files/Pods-network-layer/Pods-network-layer.release.xcconfig"; sourceTree = "<group>"; };
		6D29DB0D29D7120B006AAC52 /* network-layer.app */ = {isa = PBXFileReference; explicitFileType = wrapper.application; includeInIndex = 0; path = "network-layer.app"; sourceTree = BUILT_PRODUCTS_DIR; };
		6D29DB1029D7120B006AAC52 /* AppDelegate.swift */ = {isa = PBXFileReference; lastKnownFileType = sourcecode.swift; path = AppDelegate.swift; sourceTree = "<group>"; };
		6D29DB1229D7120B006AAC52 /* SceneDelegate.swift */ = {isa = PBXFileReference; lastKnownFileType = sourcecode.swift; path = SceneDelegate.swift; sourceTree = "<group>"; };
		6D29DB1429D7120B006AAC52 /* ViewController.swift */ = {isa = PBXFileReference; lastKnownFileType = sourcecode.swift; path = ViewController.swift; sourceTree = "<group>"; };
		6D29DB1729D7120B006AAC52 /* Base */ = {isa = PBXFileReference; lastKnownFileType = file.storyboard; name = Base; path = Base.lproj/Main.storyboard; sourceTree = "<group>"; };
		6D29DB1929D7120E006AAC52 /* Assets.xcassets */ = {isa = PBXFileReference; lastKnownFileType = folder.assetcatalog; path = Assets.xcassets; sourceTree = "<group>"; };
		6D29DB1C29D7120E006AAC52 /* Base */ = {isa = PBXFileReference; lastKnownFileType = file.storyboard; name = Base; path = Base.lproj/LaunchScreen.storyboard; sourceTree = "<group>"; };
		6D29DB1E29D7120E006AAC52 /* Info.plist */ = {isa = PBXFileReference; lastKnownFileType = text.plist.xml; path = Info.plist; sourceTree = "<group>"; };
		6D29DB2529D71502006AAC52 /* NetworkClient.swift */ = {isa = PBXFileReference; lastKnownFileType = sourcecode.swift; path = NetworkClient.swift; sourceTree = "<group>"; };
		6D29DB2729D73F5F006AAC52 /* URLSessionApiClient.swift */ = {isa = PBXFileReference; lastKnownFileType = sourcecode.swift; path = URLSessionApiClient.swift; sourceTree = "<group>"; };
		6D29DB2A29D8455D006AAC52 /* AppError.swift */ = {isa = PBXFileReference; lastKnownFileType = sourcecode.swift; path = AppError.swift; sourceTree = "<group>"; };
		6D29DB2C29D856A3006AAC52 /* APIRequest.swift */ = {isa = PBXFileReference; lastKnownFileType = sourcecode.swift; path = APIRequest.swift; sourceTree = "<group>"; };
		6D29DB2F29D86DB3006AAC52 /* UserModel.swift */ = {isa = PBXFileReference; lastKnownFileType = sourcecode.swift; path = UserModel.swift; sourceTree = "<group>"; };
		6D29DB3129D86DC2006AAC52 /* PostModel.swift */ = {isa = PBXFileReference; lastKnownFileType = sourcecode.swift; path = PostModel.swift; sourceTree = "<group>"; };
		6D29DB3329D8700B006AAC52 /* AlamofireApiClient.swift */ = {isa = PBXFileReference; lastKnownFileType = sourcecode.swift; path = AlamofireApiClient.swift; sourceTree = "<group>"; };
		F5D3BB82722AD0743EBE962F /* Pods_network_layer.framework */ = {isa = PBXFileReference; explicitFileType = wrapper.framework; includeInIndex = 0; path = Pods_network_layer.framework; sourceTree = BUILT_PRODUCTS_DIR; };
/* End PBXFileReference section */

/* Begin PBXFrameworksBuildPhase section */
		6D29DB0A29D7120B006AAC52 /* Frameworks */ = {
			isa = PBXFrameworksBuildPhase;
			buildActionMask = 2147483647;
			files = (
				5A2DB95243613886D431E125 /* Pods_network_layer.framework in Frameworks */,
			);
			runOnlyForDeploymentPostprocessing = 0;
		};
/* End PBXFrameworksBuildPhase section */

/* Begin PBXGroup section */
		2908F73EB9CE13F596B1BE9D /* Pods */ = {
			isa = PBXGroup;
			children = (
				13DCCB9EA2DE6C76B0997C9F /* Pods-network-layer.debug.xcconfig */,
				670B0C487EB4B0CCCDDA629D /* Pods-network-layer.release.xcconfig */,
			);
			path = Pods;
			sourceTree = "<group>";
		};
		6D29DB0429D7120B006AAC52 = {
			isa = PBXGroup;
			children = (
				6D29DB0F29D7120B006AAC52 /* network-layer */,
				6D29DB0E29D7120B006AAC52 /* Products */,
				2908F73EB9CE13F596B1BE9D /* Pods */,
				8EFF7B2DC168C0F3410E0B4F /* Frameworks */,
			);
			sourceTree = "<group>";
		};
		6D29DB0E29D7120B006AAC52 /* Products */ = {
			isa = PBXGroup;
			children = (
				6D29DB0D29D7120B006AAC52 /* network-layer.app */,
			);
			name = Products;
			sourceTree = "<group>";
		};
		6D29DB0F29D7120B006AAC52 /* network-layer */ = {
			isa = PBXGroup;
			children = (
				6D29DB2E29D86DAA006AAC52 /* Model */,
				6D29DB2929D84554006AAC52 /* Utils */,
				6D29DB2429D71214006AAC52 /* Client */,
				6D29DB1029D7120B006AAC52 /* AppDelegate.swift */,
				6D29DB1229D7120B006AAC52 /* SceneDelegate.swift */,
				6D29DB1429D7120B006AAC52 /* ViewController.swift */,
				6D29DB1629D7120B006AAC52 /* Main.storyboard */,
				6D29DB1929D7120E006AAC52 /* Assets.xcassets */,
				6D29DB1B29D7120E006AAC52 /* LaunchScreen.storyboard */,
				6D29DB1E29D7120E006AAC52 /* Info.plist */,
			);
			path = "network-layer";
			sourceTree = "<group>";
		};
		6D29DB2429D71214006AAC52 /* Client */ = {
			isa = PBXGroup;
			children = (
				6D29DB2529D71502006AAC52 /* NetworkClient.swift */,
				6D29DB2729D73F5F006AAC52 /* URLSessionApiClient.swift */,
				6D29DB2C29D856A3006AAC52 /* APIRequest.swift */,
				6D29DB3329D8700B006AAC52 /* AlamofireApiClient.swift */,
			);
			path = Client;
			sourceTree = "<group>";
		};
		6D29DB2929D84554006AAC52 /* Utils */ = {
			isa = PBXGroup;
			children = (
				6D29DB2A29D8455D006AAC52 /* AppError.swift */,
			);
			path = Utils;
			sourceTree = "<group>";
		};
		6D29DB2E29D86DAA006AAC52 /* Model */ = {
			isa = PBXGroup;
			children = (
				6D29DB2F29D86DB3006AAC52 /* UserModel.swift */,
				6D29DB3129D86DC2006AAC52 /* PostModel.swift */,
			);
			path = Model;
			sourceTree = "<group>";
		};
		8EFF7B2DC168C0F3410E0B4F /* Frameworks */ = {
			isa = PBXGroup;
			children = (
				F5D3BB82722AD0743EBE962F /* Pods_network_layer.framework */,
			);
			name = Frameworks;
			sourceTree = "<group>";
		};
/* End PBXGroup section */

/* Begin PBXNativeTarget section */
		6D29DB0C29D7120B006AAC52 /* network-layer */ = {
			isa = PBXNativeTarget;
			buildConfigurationList = 6D29DB2129D7120E006AAC52 /* Build configuration list for PBXNativeTarget "network-layer" */;
			buildPhases = (
				008B5F9C6623CD1E12B42821 /* [CP] Check Pods Manifest.lock */,
				6D29DB0929D7120B006AAC52 /* Sources */,
				6D29DB0A29D7120B006AAC52 /* Frameworks */,
				6D29DB0B29D7120B006AAC52 /* Resources */,
				9C0E591D59D7A5C74BC57A68 /* [CP] Embed Pods Frameworks */,
			);
			buildRules = (
			);
			dependencies = (
			);
			name = "network-layer";
			productName = "network-layer";
			productReference = 6D29DB0D29D7120B006AAC52 /* network-layer.app */;
			productType = "com.apple.product-type.application";
		};
/* End PBXNativeTarget section */

/* Begin PBXProject section */
		6D29DB0529D7120B006AAC52 /* Project object */ = {
			isa = PBXProject;
			attributes = {
				BuildIndependentTargetsInParallel = 1;
				LastSwiftUpdateCheck = 1400;
				LastUpgradeCheck = 1400;
				TargetAttributes = {
					6D29DB0C29D7120B006AAC52 = {
						CreatedOnToolsVersion = 14.0.1;
					};
				};
			};
			buildConfigurationList = 6D29DB0829D7120B006AAC52 /* Build configuration list for PBXProject "network-layer" */;
			compatibilityVersion = "Xcode 13.0";
			developmentRegion = en;
			hasScannedForEncodings = 0;
			knownRegions = (
				en,
				Base,
			);
			mainGroup = 6D29DB0429D7120B006AAC52;
			productRefGroup = 6D29DB0E29D7120B006AAC52 /* Products */;
			projectDirPath = "";
			projectRoot = "";
			targets = (
				6D29DB0C29D7120B006AAC52 /* network-layer */,
			);
		};
/* End PBXProject section */

/* Begin PBXResourcesBuildPhase section */
		6D29DB0B29D7120B006AAC52 /* Resources */ = {
			isa = PBXResourcesBuildPhase;
			buildActionMask = 2147483647;
			files = (
				6D29DB1D29D7120E006AAC52 /* LaunchScreen.storyboard in Resources */,
				6D29DB1A29D7120E006AAC52 /* Assets.xcassets in Resources */,
				6D29DB1829D7120B006AAC52 /* Main.storyboard in Resources */,
			);
			runOnlyForDeploymentPostprocessing = 0;
		};
/* End PBXResourcesBuildPhase section */

/* Begin PBXShellScriptBuildPhase section */
		008B5F9C6623CD1E12B42821 /* [CP] Check Pods Manifest.lock */ = {
			isa = PBXShellScriptBuildPhase;
			buildActionMask = 2147483647;
			files = (
			);
			inputFileListPaths = (
			);
			inputPaths = (
				"${PODS_PODFILE_DIR_PATH}/Podfile.lock",
				"${PODS_ROOT}/Manifest.lock",
			);
			name = "[CP] Check Pods Manifest.lock";
			outputFileListPaths = (
			);
			outputPaths = (
				"$(DERIVED_FILE_DIR)/Pods-network-layer-checkManifestLockResult.txt",
			);
			runOnlyForDeploymentPostprocessing = 0;
			shellPath = /bin/sh;
			shellScript = "diff \"${PODS_PODFILE_DIR_PATH}/Podfile.lock\" \"${PODS_ROOT}/Manifest.lock\" > /dev/null\nif [ $? != 0 ] ; then\n    # print error to STDERR\n    echo \"error: The sandbox is not in sync with the Podfile.lock. Run 'pod install' or update your CocoaPods installation.\" >&2\n    exit 1\nfi\n# This output is used by Xcode 'outputs' to avoid re-running this script phase.\necho \"SUCCESS\" > \"${SCRIPT_OUTPUT_FILE_0}\"\n";
			showEnvVarsInLog = 0;
		};
		9C0E591D59D7A5C74BC57A68 /* [CP] Embed Pods Frameworks */ = {
			isa = PBXShellScriptBuildPhase;
			buildActionMask = 2147483647;
			files = (
			);
			inputFileListPaths = (
				"${PODS_ROOT}/Target Support Files/Pods-network-layer/Pods-network-layer-frameworks-${CONFIGURATION}-input-files.xcfilelist",
			);
			name = "[CP] Embed Pods Frameworks";
			outputFileListPaths = (
				"${PODS_ROOT}/Target Support Files/Pods-network-layer/Pods-network-layer-frameworks-${CONFIGURATION}-output-files.xcfilelist",
			);
			runOnlyForDeploymentPostprocessing = 0;
			shellPath = /bin/sh;
			shellScript = "\"${PODS_ROOT}/Target Support Files/Pods-network-layer/Pods-network-layer-frameworks.sh\"\n";
			showEnvVarsInLog = 0;
		};
/* End PBXShellScriptBuildPhase section */

/* Begin PBXSourcesBuildPhase section */
		6D29DB0929D7120B006AAC52 /* Sources */ = {
			isa = PBXSourcesBuildPhase;
			buildActionMask = 2147483647;
			files = (
				6D29DB1529D7120B006AAC52 /* ViewController.swift in Sources */,
				6D29DB3229D86DC2006AAC52 /* PostModel.swift in Sources */,
				6D29DB3429D8700B006AAC52 /* AlamofireApiClient.swift in Sources */,
				6D29DB2D29D856A3006AAC52 /* APIRequest.swift in Sources */,
				6D29DB3029D86DB3006AAC52 /* UserModel.swift in Sources */,
				6D29DB1129D7120B006AAC52 /* AppDelegate.swift in Sources */,
				6D29DB2B29D8455D006AAC52 /* AppError.swift in Sources */,
				6D29DB1329D7120B006AAC52 /* SceneDelegate.swift in Sources */,
				6D29DB2829D73F5F006AAC52 /* URLSessionApiClient.swift in Sources */,
				6D29DB2629D71502006AAC52 /* NetworkClient.swift in Sources */,
			);
			runOnlyForDeploymentPostprocessing = 0;
		};
/* End PBXSourcesBuildPhase section */

/* Begin PBXVariantGroup section */
		6D29DB1629D7120B006AAC52 /* Main.storyboard */ = {
			isa = PBXVariantGroup;
			children = (
				6D29DB1729D7120B006AAC52 /* Base */,
			);
			name = Main.storyboard;
			sourceTree = "<group>";
		};
		6D29DB1B29D7120E006AAC52 /* LaunchScreen.storyboard */ = {
			isa = PBXVariantGroup;
			children = (
				6D29DB1C29D7120E006AAC52 /* Base */,
			);
			name = LaunchScreen.storyboard;
			sourceTree = "<group>";
		};
/* End PBXVariantGroup section */

/* Begin XCBuildConfiguration section */
		6D29DB1F29D7120E006AAC52 /* Debug */ = {
			isa = XCBuildConfiguration;
			buildSettings = {
				ALWAYS_SEARCH_USER_PATHS = NO;
				CLANG_ANALYZER_NONNULL = YES;
				CLANG_ANALYZER_NUMBER_OBJECT_CONVERSION = YES_AGGRESSIVE;
				CLANG_CXX_LANGUAGE_STANDARD = "gnu++20";
				CLANG_ENABLE_MODULES = YES;
				CLANG_ENABLE_OBJC_ARC = YES;
				CLANG_ENABLE_OBJC_WEAK = YES;
				CLANG_WARN_BLOCK_CAPTURE_AUTORELEASING = YES;
				CLANG_WARN_BOOL_CONVERSION = YES;
				CLANG_WARN_COMMA = YES;
				CLANG_WARN_CONSTANT_CONVERSION = YES;
				CLANG_WARN_DEPRECATED_OBJC_IMPLEMENTATIONS = YES;
				CLANG_WARN_DIRECT_OBJC_ISA_USAGE = YES_ERROR;
				CLANG_WARN_DOCUMENTATION_COMMENTS = YES;
				CLANG_WARN_EMPTY_BODY = YES;
				CLANG_WARN_ENUM_CONVERSION = YES;
				CLANG_WARN_INFINITE_RECURSION = YES;
				CLANG_WARN_INT_CONVERSION = YES;
				CLANG_WARN_NON_LITERAL_NULL_CONVERSION = YES;
				CLANG_WARN_OBJC_IMPLICIT_RETAIN_SELF = YES;
				CLANG_WARN_OBJC_LITERAL_CONVERSION = YES;
				CLANG_WARN_OBJC_ROOT_CLASS = YES_ERROR;
				CLANG_WARN_QUOTED_INCLUDE_IN_FRAMEWORK_HEADER = YES;
				CLANG_WARN_RANGE_LOOP_ANALYSIS = YES;
				CLANG_WARN_STRICT_PROTOTYPES = YES;
				CLANG_WARN_SUSPICIOUS_MOVE = YES;
				CLANG_WARN_UNGUARDED_AVAILABILITY = YES_AGGRESSIVE;
				CLANG_WARN_UNREACHABLE_CODE = YES;
				CLANG_WARN__DUPLICATE_METHOD_MATCH = YES;
				COPY_PHASE_STRIP = NO;
				DEBUG_INFORMATION_FORMAT = dwarf;
				ENABLE_STRICT_OBJC_MSGSEND = YES;
				ENABLE_TESTABILITY = YES;
				GCC_C_LANGUAGE_STANDARD = gnu11;
				GCC_DYNAMIC_NO_PIC = NO;
				GCC_NO_COMMON_BLOCKS = YES;
				GCC_OPTIMIZATION_LEVEL = 0;
				GCC_PREPROCESSOR_DEFINITIONS = (
					"DEBUG=1",
					"$(inherited)",
				);
				GCC_WARN_64_TO_32_BIT_CONVERSION = YES;
				GCC_WARN_ABOUT_RETURN_TYPE = YES_ERROR;
				GCC_WARN_UNDECLARED_SELECTOR = YES;
				GCC_WARN_UNINITIALIZED_AUTOS = YES_AGGRESSIVE;
				GCC_WARN_UNUSED_FUNCTION = YES;
				GCC_WARN_UNUSED_VARIABLE = YES;
				IPHONEOS_DEPLOYMENT_TARGET = 13.0;
				MTL_ENABLE_DEBUG_INFO = INCLUDE_SOURCE;
				MTL_FAST_MATH = YES;
				ONLY_ACTIVE_ARCH = YES;
				SDKROOT = iphoneos;
				SWIFT_ACTIVE_COMPILATION_CONDITIONS = DEBUG;
				SWIFT_OPTIMIZATION_LEVEL = "-Onone";
			};
			name = Debug;
		};
		6D29DB2029D7120E006AAC52 /* Release */ = {
			isa = XCBuildConfiguration;
			buildSettings = {
				ALWAYS_SEARCH_USER_PATHS = NO;
				CLANG_ANALYZER_NONNULL = YES;
				CLANG_ANALYZER_NUMBER_OBJECT_CONVERSION = YES_AGGRESSIVE;
				CLANG_CXX_LANGUAGE_STANDARD = "gnu++20";
				CLANG_ENABLE_MODULES = YES;
				CLANG_ENABLE_OBJC_ARC = YES;
				CLANG_ENABLE_OBJC_WEAK = YES;
				CLANG_WARN_BLOCK_CAPTURE_AUTORELEASING = YES;
				CLANG_WARN_BOOL_CONVERSION = YES;
				CLANG_WARN_COMMA = YES;
				CLANG_WARN_CONSTANT_CONVERSION = YES;
				CLANG_WARN_DEPRECATED_OBJC_IMPLEMENTATIONS = YES;
				CLANG_WARN_DIRECT_OBJC_ISA_USAGE = YES_ERROR;
				CLANG_WARN_DOCUMENTATION_COMMENTS = YES;
				CLANG_WARN_EMPTY_BODY = YES;
				CLANG_WARN_ENUM_CONVERSION = YES;
				CLANG_WARN_INFINITE_RECURSION = YES;
				CLANG_WARN_INT_CONVERSION = YES;
				CLANG_WARN_NON_LITERAL_NULL_CONVERSION = YES;
				CLANG_WARN_OBJC_IMPLICIT_RETAIN_SELF = YES;
				CLANG_WARN_OBJC_LITERAL_CONVERSION = YES;
				CLANG_WARN_OBJC_ROOT_CLASS = YES_ERROR;
				CLANG_WARN_QUOTED_INCLUDE_IN_FRAMEWORK_HEADER = YES;
				CLANG_WARN_RANGE_LOOP_ANALYSIS = YES;
				CLANG_WARN_STRICT_PROTOTYPES = YES;
				CLANG_WARN_SUSPICIOUS_MOVE = YES;
				CLANG_WARN_UNGUARDED_AVAILABILITY = YES_AGGRESSIVE;
				CLANG_WARN_UNREACHABLE_CODE = YES;
				CLANG_WARN__DUPLICATE_METHOD_MATCH = YES;
				COPY_PHASE_STRIP = NO;
				DEBUG_INFORMATION_FORMAT = "dwarf-with-dsym";
				ENABLE_NS_ASSERTIONS = NO;
				ENABLE_STRICT_OBJC_MSGSEND = YES;
				GCC_C_LANGUAGE_STANDARD = gnu11;
				GCC_NO_COMMON_BLOCKS = YES;
				GCC_WARN_64_TO_32_BIT_CONVERSION = YES;
				GCC_WARN_ABOUT_RETURN_TYPE = YES_ERROR;
				GCC_WARN_UNDECLARED_SELECTOR = YES;
				GCC_WARN_UNINITIALIZED_AUTOS = YES_AGGRESSIVE;
				GCC_WARN_UNUSED_FUNCTION = YES;
				GCC_WARN_UNUSED_VARIABLE = YES;
				IPHONEOS_DEPLOYMENT_TARGET = 13.0;
				MTL_ENABLE_DEBUG_INFO = NO;
				MTL_FAST_MATH = YES;
				SDKROOT = iphoneos;
				SWIFT_COMPILATION_MODE = wholemodule;
				SWIFT_OPTIMIZATION_LEVEL = "-O";
				VALIDATE_PRODUCT = YES;
			};
			name = Release;
		};
		6D29DB2229D7120E006AAC52 /* Debug */ = {
			isa = XCBuildConfiguration;
			baseConfigurationReference = 13DCCB9EA2DE6C76B0997C9F /* Pods-network-layer.debug.xcconfig */;
			buildSettings = {
				ASSETCATALOG_COMPILER_APPICON_NAME = AppIcon;
				ASSETCATALOG_COMPILER_GLOBAL_ACCENT_COLOR_NAME = AccentColor;
				CODE_SIGN_IDENTITY = "iPhone Developer: Abhishek Kumar Ravi (57LLV88PFF)";
				"CODE_SIGN_IDENTITY[sdk=iphoneos*]" = "iPhone Developer: Abhishek Kumar Ravi (57LLV88PFF)";
				CODE_SIGN_STYLE = Manual;
				CURRENT_PROJECT_VERSION = 1;
				DEVELOPMENT_TEAM = "";
				"DEVELOPMENT_TEAM[sdk=iphoneos*]" = 4FF9D6BAFN;
				GENERATE_INFOPLIST_FILE = YES;
				INFOPLIST_FILE = "network-layer/Info.plist";
				INFOPLIST_KEY_UIApplicationSupportsIndirectInputEvents = YES;
				INFOPLIST_KEY_UILaunchStoryboardName = LaunchScreen;
				INFOPLIST_KEY_UIMainStoryboardFile = Main;
				INFOPLIST_KEY_UISupportedInterfaceOrientations_iPad = "UIInterfaceOrientationPortrait UIInterfaceOrientationPortraitUpsideDown UIInterfaceOrientationLandscapeLeft UIInterfaceOrientationLandscapeRight";
				INFOPLIST_KEY_UISupportedInterfaceOrientations_iPhone = "UIInterfaceOrientationPortrait UIInterfaceOrientationLandscapeLeft UIInterfaceOrientationLandscapeRight";
				LD_RUNPATH_SEARCH_PATHS = (
					"$(inherited)",
					"@executable_path/Frameworks",
				);
				MARKETING_VERSION = 1.0;
				PRODUCT_BUNDLE_IDENTIFIER = app.greensyntax.salgiraah.ios;
				PRODUCT_NAME = "$(TARGET_NAME)";
				PROVISIONING_PROFILE_SPECIFIER = "";
				"PROVISIONING_PROFILE_SPECIFIER[sdk=iphoneos*]" = "Salgirah Dev";
				SWIFT_EMIT_LOC_STRINGS = YES;
				SWIFT_VERSION = 5.0;
				TARGETED_DEVICE_FAMILY = "1,2";
			};
			name = Debug;
		};
		6D29DB2329D7120E006AAC52 /* Release */ = {
			isa = XCBuildConfiguration;
			baseConfigurationReference = 670B0C487EB4B0CCCDDA629D /* Pods-network-layer.release.xcconfig */;
			buildSettings = {
				ASSETCATALOG_COMPILER_APPICON_NAME = AppIcon;
				ASSETCATALOG_COMPILER_GLOBAL_ACCENT_COLOR_NAME = AccentColor;
				CODE_SIGN_IDENTITY = "iPhone Developer: Abhishek Kumar Ravi (57LLV88PFF)";
				"CODE_SIGN_IDENTITY[sdk=iphoneos*]" = "iPhone Developer: Abhishek Kumar Ravi (57LLV88PFF)";
				CODE_SIGN_STYLE = Manual;
				CURRENT_PROJECT_VERSION = 1;
				DEVELOPMENT_TEAM = "";
				"DEVELOPMENT_TEAM[sdk=iphoneos*]" = 4FF9D6BAFN;
				GENERATE_INFOPLIST_FILE = YES;
				INFOPLIST_FILE = "network-layer/Info.plist";
				INFOPLIST_KEY_UIApplicationSupportsIndirectInputEvents = YES;
				INFOPLIST_KEY_UILaunchStoryboardName = LaunchScreen;
				INFOPLIST_KEY_UIMainStoryboardFile = Main;
				INFOPLIST_KEY_UISupportedInterfaceOrientations_iPad = "UIInterfaceOrientationPortrait UIInterfaceOrientationPortraitUpsideDown UIInterfaceOrientationLandscapeLeft UIInterfaceOrientationLandscapeRight";
				INFOPLIST_KEY_UISupportedInterfaceOrientations_iPhone = "UIInterfaceOrientationPortrait UIInterfaceOrientationLandscapeLeft UIInterfaceOrientationLandscapeRight";
				LD_RUNPATH_SEARCH_PATHS = (
					"$(inherited)",
					"@executable_path/Frameworks",
				);
				MARKETING_VERSION = 1.0;
				PRODUCT_BUNDLE_IDENTIFIER = app.greensyntax.salgiraah.ios;
				PRODUCT_NAME = "$(TARGET_NAME)";
				PROVISIONING_PROFILE_SPECIFIER = "";
				"PROVISIONING_PROFILE_SPECIFIER[sdk=iphoneos*]" = "Salgirah Dev";
				SWIFT_EMIT_LOC_STRINGS = YES;
				SWIFT_VERSION = 5.0;
				TARGETED_DEVICE_FAMILY = "1,2";
			};
			name = Release;
		};
/* End XCBuildConfiguration section */

/* Begin XCConfigurationList section */
		6D29DB0829D7120B006AAC52 /* Build configuration list for PBXProject "network-layer" */ = {
			isa = XCConfigurationList;
			buildConfigurations = (
				6D29DB1F29D7120E006AAC52 /* Debug */,
				6D29DB2029D7120E006AAC52 /* Release */,
			);
			defaultConfigurationIsVisible = 0;
			defaultConfigurationName = Release;
		};
		6D29DB2129D7120E006AAC52 /* Build configuration list for PBXNativeTarget "network-layer" */ = {
			isa = XCConfigurationList;
			buildConfigurations = (
				6D29DB2229D7120E006AAC52 /* Debug */,
				6D29DB2329D7120E006AAC52 /* Release */,
			);
			defaultConfigurationIsVisible = 0;
			defaultConfigurationName = Release;
		};
/* End XCConfigurationList section */
	};
	rootObject = 6D29DB0529D7120B006AAC52 /* Project object */;
}
